// !$*UTF8*$!
{
	archiveVersion = 1;
	classes = {
	};
	objectVersion = 46;
	objects = {

/* Begin PBXBuildFile section */
		C09196AB1BC44E6E0061D27A /* AppDelegate.swift in Sources */ = {isa = PBXBuildFile; fileRef = C09196AA1BC44E6E0061D27A /* AppDelegate.swift */; };
		C09196AD1BC44E6E0061D27A /* ViewController.swift in Sources */ = {isa = PBXBuildFile; fileRef = C09196AC1BC44E6E0061D27A /* ViewController.swift */; };
		C09196B01BC44E6E0061D27A /* Main.storyboard in Resources */ = {isa = PBXBuildFile; fileRef = C09196AE1BC44E6E0061D27A /* Main.storyboard */; };
		C09196B21BC44E6E0061D27A /* Assets.xcassets in Resources */ = {isa = PBXBuildFile; fileRef = C09196B11BC44E6E0061D27A /* Assets.xcassets */; };
		C09196B51BC44E6E0061D27A /* LaunchScreen.storyboard in Resources */ = {isa = PBXBuildFile; fileRef = C09196B31BC44E6E0061D27A /* LaunchScreen.storyboard */; };
/* End PBXBuildFile section */

/* Begin PBXFileReference section */
		C09196A71BC44E6E0061D27A /* The Weather.app */ = {isa = PBXFileReference; explicitFileType = wrapper.application; includeInIndex = 0; path = "The Weather.app"; sourceTree = BUILT_PRODUCTS_DIR; };
		C09196AA1BC44E6E0061D27A /* AppDelegate.swift */ = {isa = PBXFileReference; lastKnownFileType = sourcecode.swift; path = AppDelegate.swift; sourceTree = "<group>"; };
		C09196AC1BC44E6E0061D27A /* ViewController.swift */ = {isa = PBXFileReference; lastKnownFileType = sourcecode.swift; path = ViewController.swift; sourceTree = "<group>"; };
		C09196AF1BC44E6E0061D27A /* Base */ = {isa = PBXFileReference; lastKnownFileType = file.storyboard; name = Base; path = Base.lproj/Main.storyboard; sourceTree = "<group>"; };
		C09196B11BC44E6E0061D27A /* Assets.xcassets */ = {isa = PBXFileReference; lastKnownFileType = folder.assetcatalog; path = Assets.xcassets; sourceTree = "<group>"; };
		C09196B41BC44E6E0061D27A /* Base */ = {isa = PBXFileReference; lastKnownFileType = file.storyboard; name = Base; path = Base.lproj/LaunchScreen.storyboard; sourceTree = "<group>"; };
		C09196B61BC44E6E0061D27A /* Info.plist */ = {isa = PBXFileReference; lastKnownFileType = text.plist.xml; path = Info.plist; sourceTree = "<group>"; };
/* End PBXFileReference section */

/* Begin PBXFrameworksBuildPhase section */
		C09196A41BC44E6E0061D27A /* Frameworks */ = {
			isa = PBXFrameworksBuildPhase;
			buildActionMask = 2147483647;
			files = (
			);
			runOnlyForDeploymentPostprocessing = 0;
		};
/* End PBXFrameworksBuildPhase section */

/* Begin PBXGroup section */
		C091969E1BC44E6E0061D27A = {
			isa = PBXGroup;
			children = (
				C09196A91BC44E6E0061D27A /* The Weather */,
				C09196A81BC44E6E0061D27A /* Products */,
			);
			sourceTree = "<group>";
		};
		C09196A81BC44E6E0061D27A /* Products */ = {
			isa = PBXGroup;
			children = (
				C09196A71BC44E6E0061D27A /* The Weather.app */,
			);
			name = Products;
			sourceTree = "<group>";
		};
		C09196A91BC44E6E0061D27A /* The Weather */ = {
			isa = PBXGroup;
			children = (
				C09196AA1BC44E6E0061D27A /* AppDelegate.swift */,
				C09196AC1BC44E6E0061D27A /* ViewController.swift */,
				C09196AE1BC44E6E0061D27A /* Main.storyboard */,
				C09196B11BC44E6E0061D27A /* Assets.xcassets */,
				C09196B31BC44E6E0061D27A /* LaunchScreen.storyboard */,
				C09196B61BC44E6E0061D27A /* Info.plist */,
			);
			path = "The Weather";
			sourceTree = "<group>";
		};
/* End PBXGroup section */

/* Begin PBXNativeTarget section */
		C09196A61BC44E6E0061D27A /* The Weather */ = {
			isa = PBXNativeTarget;
			buildConfigurationList = C09196B91BC44E6E0061D27A /* Build configuration list for PBXNativeTarget "The Weather" */;
			buildPhases = (
				C09196A31BC44E6E0061D27A /* Sources */,
				C09196A41BC44E6E0061D27A /* Frameworks */,
				C09196A51BC44E6E0061D27A /* Resources */,
			);
			buildRules = (
			);
			dependencies = (
			);
			name = "The Weather";
			productName = "The Weather";
			productReference = C09196A71BC44E6E0061D27A /* The Weather.app */;
			productType = "com.apple.product-type.application";
		};
/* End PBXNativeTarget section */

/* Begin PBXProject section */
		C091969F1BC44E6E0061D27A /* Project object */ = {
			isa = PBXProject;
			attributes = {
				LastUpgradeCheck = 0710;
				ORGANIZATIONNAME = LisaDeeSwanson;
				TargetAttributes = {
					C09196A61BC44E6E0061D27A = {
						CreatedOnToolsVersion = 7.1;
					};
				};
			};
			buildConfigurationList = C09196A21BC44E6E0061D27A /* Build configuration list for PBXProject "The Weather" */;
			compatibilityVersion = "Xcode 3.2";
			developmentRegion = English;
			hasScannedForEncodings = 0;
			knownRegions = (
				en,
				Base,
			);
			mainGroup = C091969E1BC44E6E0061D27A;
			productRefGroup = C09196A81BC44E6E0061D27A /* Products */;
			projectDirPath = "";
			projectRoot = "";
			targets = (
				C09196A61BC44E6E0061D27A /* The Weather */,
			);
		};
/* End PBXProject section */

/* Begin PBXResourcesBuildPhase section */
		C09196A51BC44E6E0061D27A /* Resources */ = {
			isa = PBXResourcesBuildPhase;
			buildActionMask = 2147483647;
			files = (
				C09196B51BC44E6E0061D27A /* LaunchScreen.storyboard in Resources */,
				C09196B21BC44E6E0061D27A /* Assets.xcassets in Resources */,
				C09196B01BC44E6E0061D27A /* Main.storyboard in Resources */,
			);
			runOnlyForDeploymentPostprocessing = 0;
		};
/* End PBXResourcesBuildPhase section */

/* Begin PBXSourcesBuildPhase section */
		C09196A31BC44E6E0061D27A /* Sources */ = {
			isa = PBXSourcesBuildPhase;
			buildActionMask = 2147483647;
			files = (
				C09196AD1BC44E6E0061D27A /* ViewController.swift in Sources */,
				C09196AB1BC44E6E0061D27A /* AppDelegate.swift in Sources */,
			);
			runOnlyForDeploymentPostprocessing = 0;
		};
/* End PBXSourcesBuildPhase section */

/* Begin PBXVariantGroup section */
		C09196AE1BC44E6E0061D27A /* Main.storyboard */ = {
			isa = PBXVariantGroup;
			children = (
				C09196AF1BC44E6E0061D27A /* Base */,
			);
			name = Main.storyboard;
			sourceTree = "<group>";
		};
		C09196B31BC44E6E0061D27A /* LaunchScreen.storyboard */ = {
			isa = PBXVariantGroup;
			children = (
				C09196B41BC44E6E0061D27A /* Base */,
			);
			name = LaunchScreen.storyboard;
			sourceTree = "<group>";
		};
/* End PBXVariantGroup section */

/* Begin XCBuildConfiguration section */
		C09196B71BC44E6E0061D27A /* Debug */ = {
			isa = XCBuildConfiguration;
			buildSettings = {
				ALWAYS_SEARCH_USER_PATHS = NO;
				CLANG_CXX_LANGUAGE_STANDARD = "gnu++0x";
				CLANG_CXX_LIBRARY = "libc++";
				CLANG_ENABLE_MODULES = YES;
				CLANG_ENABLE_OBJC_ARC = YES;
				CLANG_WARN_BOOL_CONVERSION = YES;
				CLANG_WARN_CONSTANT_CONVERSION = YES;
				CLANG_WARN_DIRECT_OBJC_ISA_USAGE = YES_ERROR;
				CLANG_WARN_EMPTY_BODY = YES;
				CLANG_WARN_ENUM_CONVERSION = YES;
				CLANG_WARN_INT_CONVERSION = YES;
				CLANG_WARN_OBJC_ROOT_CLASS = YES_ERROR;
				CLANG_WARN_UNREACHABLE_CODE = YES;
				CLANG_WARN__DUPLICATE_METHOD_MATCH = YES;
				"CODE_SIGN_IDENTITY[sdk=iphoneos*]" = "iPhone Developer";
				COPY_PHASE_STRIP = NO;
				DEBUG_INFORMATION_FORMAT = dwarf;
				ENABLE_STRICT_OBJC_MSGSEND = YES;
				ENABLE_TESTABILITY = YES;
				GCC_C_LANGUAGE_STANDARD = gnu99;
				GCC_DYNAMIC_NO_PIC = NO;
				GCC_NO_COMMON_BLOCKS = YES;
				GCC_OPTIMIZATION_LEVEL = 0;
				GCC_PREPROCESSOR_DEFINITIONS = (
					"DEBUG=1",
					"$(inherited)",
				);
				GCC_WARN_64_TO_32_BIT_CONVERSION = YES;
				GCC_WARN_ABOUT_RETURN_TYPE = YES_ERROR;
				GCC_WARN_UNDECLARED_SELECTOR = YES;
				GCC_WARN_UNINITIALIZED_AUTOS = YES_AGGRESSIVE;
				GCC_WARN_UNUSED_FUNCTION = YES;
				GCC_WARN_UNUSED_VARIABLE = YES;
				IPHONEOS_DEPLOYMENT_TARGET = 9.1;
				MTL_ENABLE_DEBUG_INFO = YES;
				ONLY_ACTIVE_ARCH = YES;
				SDKROOT = iphoneos;
				SWIFT_OPTIMIZATION_LEVEL = "-Onone";
			};
			name = Debug;
		};
		C09196B81BC44E6E0061D27A /* Release */ = {
			isa = XCBuildConfiguration;
			buildSettings = {
				ALWAYS_SEARCH_USER_PATHS = NO;
				CLANG_CXX_LANGUAGE_STANDARD = "gnu++0x";
				CLANG_CXX_LIBRARY = "libc++";
				CLANG_ENABLE_MODULES = YES;
				CLANG_ENABLE_OBJC_ARC = YES;
				CLANG_WARN_BOOL_CONVERSION = YES;
				CLANG_WARN_CONSTANT_CONVERSION = YES;
				CLANG_WARN_DIRECT_OBJC_ISA_USAGE = YES_ERROR;
				CLANG_WARN_EMPTY_BODY = YES;
				CLANG_WARN_ENUM_CONVERSION = YES;
				CLANG_WARN_INT_CONVERSION = YES;
				CLANG_WARN_OBJC_ROOT_CLASS = YES_ERROR;
				CLANG_WARN_UNREACHABLE_CODE = YES;
				CLANG_WARN__DUPLICATE_METHOD_MATCH = YES;
				"CODE_SIGN_IDENTITY[sdk=iphoneos*]" = "iPhone Developer";
				COPY_PHASE_STRIP = NO;
				DEBUG_INFORMATION_FORMAT = "dwarf-with-dsym";
				ENABLE_NS_ASSERTIONS = NO;
				ENABLE_STRICT_OBJC_MSGSEND = YES;
				GCC_C_LANGUAGE_STANDARD = gnu99;
				GCC_NO_COMMON_BLOCKS = YES;
				GCC_WARN_64_TO_32_BIT_CONVERSION = YES;
				GCC_WARN_ABOUT_RETURN_TYPE = YES_ERROR;
				GCC_WARN_UNDECLARED_SELECTOR = YES;
				GCC_WARN_UNINITIALIZED_AUTOS = YES_AGGRESSIVE;
				GCC_WARN_UNUSED_FUNCTION = YES;
				GCC_WARN_UNUSED_VARIABLE = YES;
				IPHONEOS_DEPLOYMENT_TARGET = 9.1;
				MTL_ENABLE_DEBUG_INFO = NO;
				SDKROOT = iphoneos;
				VALIDATE_PRODUCT = YES;
			};
			name = Release;
		};
		C09196BA1BC44E6E0061D27A /* Debug */ = {
			isa = XCBuildConfiguration;
			buildSettings = {
				ASSETCATALOG_COMPILER_APPICON_NAME = AppIcon;
				INFOPLIST_FILE = "The Weather/Info.plist";
				LD_RUNPATH_SEARCH_PATHS = "$(inherited) @executable_path/Frameworks";
				PRODUCT_BUNDLE_IDENTIFIER = "com.lisadeeswanson.The-Weather";
				PRODUCT_NAME = "$(TARGET_NAME)";
			};
			name = Debug;
		};
		C09196BB1BC44E6E0061D27A /* Release */ = {
			isa = XCBuildConfiguration;
			buildSettings = {
				ASSETCATALOG_COMPILER_APPICON_NAME = AppIcon;
				INFOPLIST_FILE = "The Weather/Info.plist";
				LD_RUNPATH_SEARCH_PATHS = "$(inherited) @executable_path/Frameworks";
				PRODUCT_BUNDLE_IDENTIFIER = "com.lisadeeswanson.The-Weather";
				PRODUCT_NAME = "$(TARGET_NAME)";
			};
			name = Release;
		};
/* End XCBuildConfiguration section */

/* Begin XCConfigurationList section */
		C09196A21BC44E6E0061D27A /* Build configuration list for PBXProject "The Weather" */ = {
			isa = XCConfigurationList;
			buildConfigurations = (
				C09196B71BC44E6E0061D27A /* Debug */,
				C09196B81BC44E6E0061D27A /* Release */,
			);
			defaultConfigurationIsVisible = 0;
			defaultConfigurationName = Release;
		};
		C09196B91BC44E6E0061D27A /* Build configuration list for PBXNativeTarget "The Weather" */ = {
			isa = XCConfigurationList;
			buildConfigurations = (
				C09196BA1BC44E6E0061D27A /* Debug */,
				C09196BB1BC44E6E0061D27A /* Release */,
			);
			defaultConfigurationIsVisible = 0;
		};
/* End XCConfigurationList section */
	};
	rootObject = C091969F1BC44E6E0061D27A /* Project object */;
}
